// !$*UTF8*$!
{
	archiveVersion = 1;
	classes = {
	};
	objectVersion = 51;
	objects = {

/* Begin PBXBuildFile section */
		2550A517243FB8820005549F /* AppDelegate.swift in Sources */ = {isa = PBXBuildFile; fileRef = 2550A516243FB8820005549F /* AppDelegate.swift */; };
		2550A521243FB8820005549F /* Posts_App.xcdatamodeld in Sources */ = {isa = PBXBuildFile; fileRef = 2550A51F243FB8820005549F /* Posts_App.xcdatamodeld */; };
		2550A523243FB8840005549F /* Assets.xcassets in Resources */ = {isa = PBXBuildFile; fileRef = 2550A522243FB8840005549F /* Assets.xcassets */; };
		2550A526243FB8840005549F /* LaunchScreen.storyboard in Resources */ = {isa = PBXBuildFile; fileRef = 2550A524243FB8840005549F /* LaunchScreen.storyboard */; };
		2550A531243FB8840005549F /* Posts_AppTests.swift in Sources */ = {isa = PBXBuildFile; fileRef = 2550A530243FB8840005549F /* Posts_AppTests.swift */; };
		255EFBAA243FCB7000438951 /* PostsListViewController.swift in Sources */ = {isa = PBXBuildFile; fileRef = 255EFBA9243FCB7000438951 /* PostsListViewController.swift */; };
		255EFBAC243FCCB100438951 /* PostsList.storyboard in Resources */ = {isa = PBXBuildFile; fileRef = 255EFBAB243FCCB100438951 /* PostsList.storyboard */; };
		255EFBAE243FCE0A00438951 /* PostsListRouter.swift in Sources */ = {isa = PBXBuildFile; fileRef = 255EFBAD243FCE0A00438951 /* PostsListRouter.swift */; };
		255EFBB0243FCE1400438951 /* PostsListProtocols.swift in Sources */ = {isa = PBXBuildFile; fileRef = 255EFBAF243FCE1400438951 /* PostsListProtocols.swift */; };
		255EFBB2243FCE2000438951 /* PostsListPresenter.swift in Sources */ = {isa = PBXBuildFile; fileRef = 255EFBB1243FCE2000438951 /* PostsListPresenter.swift */; };
		255EFBB4243FCE2A00438951 /* PostsListInteractor.swift in Sources */ = {isa = PBXBuildFile; fileRef = 255EFBB3243FCE2A00438951 /* PostsListInteractor.swift */; };
		255EFBB6243FCE8A00438951 /* BaseViewController.swift in Sources */ = {isa = PBXBuildFile; fileRef = 255EFBB5243FCE8A00438951 /* BaseViewController.swift */; };
		255EFBB8243FFE6900438951 /* Colors.xcassets in Resources */ = {isa = PBXBuildFile; fileRef = 255EFBB7243FFE6900438951 /* Colors.xcassets */; };
		255EFBBC243FFF5900438951 /* ZemogaThemeColors.swift in Sources */ = {isa = PBXBuildFile; fileRef = 255EFBBB243FFF5900438951 /* ZemogaThemeColors.swift */; };
		255EFBBF2440048F00438951 /* LocalizableStrings.swift in Sources */ = {isa = PBXBuildFile; fileRef = 255EFBBE2440048F00438951 /* LocalizableStrings.swift */; };
		255EFBC72440058D00438951 /* Localizable.strings in Resources */ = {isa = PBXBuildFile; fileRef = 255EFBC62440058D00438951 /* Localizable.strings */; };
		255EFBCB2441254400438951 /* PostTableViewCell.swift in Sources */ = {isa = PBXBuildFile; fileRef = 255EFBC92441254400438951 /* PostTableViewCell.swift */; };
		255EFBCC2441254400438951 /* PostTableViewCell.xib in Resources */ = {isa = PBXBuildFile; fileRef = 255EFBCA2441254400438951 /* PostTableViewCell.xib */; };
		255EFBCE24412DF600438951 /* PostsListViewController+UITableView.swift in Sources */ = {isa = PBXBuildFile; fileRef = 255EFBCD24412DF600438951 /* PostsListViewController+UITableView.swift */; };
		255EFBD124412EA400438951 /* UIView+Utils.swift in Sources */ = {isa = PBXBuildFile; fileRef = 255EFBD024412EA400438951 /* UIView+Utils.swift */; };
		255EFBD82441370400438951 /* EndPointType.swift in Sources */ = {isa = PBXBuildFile; fileRef = 255EFBD72441370400438951 /* EndPointType.swift */; };
		255EFBDA2441375900438951 /* HTTPMethod.swift in Sources */ = {isa = PBXBuildFile; fileRef = 255EFBD92441375900438951 /* HTTPMethod.swift */; };
		255EFBDC2441386F00438951 /* HTTPTask.swift in Sources */ = {isa = PBXBuildFile; fileRef = 255EFBDB2441386F00438951 /* HTTPTask.swift */; };
		255EFBDE244138F000438951 /* NetworkRouter.swift in Sources */ = {isa = PBXBuildFile; fileRef = 255EFBDD244138F000438951 /* NetworkRouter.swift */; };
		255EFBE02441392000438951 /* Router.swift in Sources */ = {isa = PBXBuildFile; fileRef = 255EFBDF2441392000438951 /* Router.swift */; };
		255EFBE224413BF100438951 /* ParameterEncoder.swift in Sources */ = {isa = PBXBuildFile; fileRef = 255EFBE124413BF100438951 /* ParameterEncoder.swift */; };
		255EFBE424413C4300438951 /* URLParameterEncoder.swift in Sources */ = {isa = PBXBuildFile; fileRef = 255EFBE324413C4300438951 /* URLParameterEncoder.swift */; };
		255EFBE624413C7A00438951 /* JSONParameterEncoder.swift in Sources */ = {isa = PBXBuildFile; fileRef = 255EFBE524413C7A00438951 /* JSONParameterEncoder.swift */; };
		255EFBE824413D8C00438951 /* DefaultNetworkManager.swift in Sources */ = {isa = PBXBuildFile; fileRef = 255EFBE724413D8C00438951 /* DefaultNetworkManager.swift */; };
		255EFBEE2441434300438951 /* PostsAPI.swift in Sources */ = {isa = PBXBuildFile; fileRef = 255EFBED2441434300438951 /* PostsAPI.swift */; };
		255EFBF02441435C00438951 /* PostsNetworkManager.swift in Sources */ = {isa = PBXBuildFile; fileRef = 255EFBEF2441435C00438951 /* PostsNetworkManager.swift */; };
		255EFBF2244144D300438951 /* getPostsUseCase.swift in Sources */ = {isa = PBXBuildFile; fileRef = 255EFBF1244144D300438951 /* getPostsUseCase.swift */; };
		255EFBF4244144F000438951 /* getPostCommentsUseCase.swift in Sources */ = {isa = PBXBuildFile; fileRef = 255EFBF3244144F000438951 /* getPostCommentsUseCase.swift */; };
		255EFBF62442618200438951 /* PostsListModel.swift in Sources */ = {isa = PBXBuildFile; fileRef = 255EFBF52442618200438951 /* PostsListModel.swift */; };
		255EFBFF2443B70800438951 /* PostDetailViewController.swift in Sources */ = {isa = PBXBuildFile; fileRef = 255EFBFE2443B70800438951 /* PostDetailViewController.swift */; };
		255EFC012443B71100438951 /* PostDetail.storyboard in Resources */ = {isa = PBXBuildFile; fileRef = 255EFC002443B71100438951 /* PostDetail.storyboard */; };
		255EFC032443B73300438951 /* PostDetailRouter.swift in Sources */ = {isa = PBXBuildFile; fileRef = 255EFC022443B73300438951 /* PostDetailRouter.swift */; };
		255EFC052443B73E00438951 /* PostDetailProtocols.swift in Sources */ = {isa = PBXBuildFile; fileRef = 255EFC042443B73E00438951 /* PostDetailProtocols.swift */; };
		255EFC072443B74700438951 /* PostDetailPresenter.swift in Sources */ = {isa = PBXBuildFile; fileRef = 255EFC062443B74700438951 /* PostDetailPresenter.swift */; };
		255EFC092443B75100438951 /* PostDetailInteractor.swift in Sources */ = {isa = PBXBuildFile; fileRef = 255EFC082443B75100438951 /* PostDetailInteractor.swift */; };
		255EFC0B2443BE1B00438951 /* PostDetailModel.swift in Sources */ = {isa = PBXBuildFile; fileRef = 255EFC0A2443BE1B00438951 /* PostDetailModel.swift */; };
		255EFC112443C18E00438951 /* UsersAPI.swift in Sources */ = {isa = PBXBuildFile; fileRef = 255EFC102443C18E00438951 /* UsersAPI.swift */; };
		255EFC132443C21200438951 /* getUserUseCase.swift in Sources */ = {isa = PBXBuildFile; fileRef = 255EFC122443C21200438951 /* getUserUseCase.swift */; };
		255EFC152443C39000438951 /* Encodable+Utils.swift in Sources */ = {isa = PBXBuildFile; fileRef = 255EFC142443C39000438951 /* Encodable+Utils.swift */; };
		255EFC172443C3DF00438951 /* UsersNetworkManager.swift in Sources */ = {isa = PBXBuildFile; fileRef = 255EFC162443C3DF00438951 /* UsersNetworkManager.swift */; };
		255EFC192443CD3B00438951 /* PostDetailViewController+UITableView.swift in Sources */ = {isa = PBXBuildFile; fileRef = 255EFC182443CD3B00438951 /* PostDetailViewController+UITableView.swift */; };
		255EFC1D2443D36800438951 /* PostCommentTableViewCell.swift in Sources */ = {isa = PBXBuildFile; fileRef = 255EFC1B2443D36800438951 /* PostCommentTableViewCell.swift */; };
		255EFC1E2443D36800438951 /* PostCommentTableViewCell.xib in Resources */ = {isa = PBXBuildFile; fileRef = 255EFC1C2443D36800438951 /* PostCommentTableViewCell.xib */; };
		255EFC212443DDD500438951 /* CoreDataManager.swift in Sources */ = {isa = PBXBuildFile; fileRef = 255EFC202443DDD500438951 /* CoreDataManager.swift */; };
		255EFC252443E0CB00438951 /* CoreDataModel.swift in Sources */ = {isa = PBXBuildFile; fileRef = 255EFC242443E0CB00438951 /* CoreDataModel.swift */; };
		25829866243FC8D10053AD37 /* Storyboarded.swift in Sources */ = {isa = PBXBuildFile; fileRef = 25829865243FC8D10053AD37 /* Storyboarded.swift */; };
		25829868243FC9240053AD37 /* Storyboards.swift in Sources */ = {isa = PBXBuildFile; fileRef = 25829867243FC9240053AD37 /* Storyboards.swift */; };
		2583A4CE2443EEA3002943A3 /* ZemogaThemeImages.swift in Sources */ = {isa = PBXBuildFile; fileRef = 2583A4CD2443EEA3002943A3 /* ZemogaThemeImages.swift */; };
		2583A4D22443FF6C002943A3 /* delete.json in Resources */ = {isa = PBXBuildFile; fileRef = 2583A4D12443FF6C002943A3 /* delete.json */; };
		2583A4D824440593002943A3 /* loading.json in Resources */ = {isa = PBXBuildFile; fileRef = 2583A4D724440593002943A3 /* loading.json */; };
		E717D2E4A5D098FBDFDCC83E /* Pods_Posts_AppTests.framework in Frameworks */ = {isa = PBXBuildFile; fileRef = 8AD4FA9D81E697817D15900B /* Pods_Posts_AppTests.framework */; };
		F36459893777E6EB6AC9435F /* Pods_Posts_App.framework in Frameworks */ = {isa = PBXBuildFile; fileRef = D106ECE7BF6CA3EFC06B617C /* Pods_Posts_App.framework */; };
/* End PBXBuildFile section */

/* Begin PBXContainerItemProxy section */
		2550A52D243FB8840005549F /* PBXContainerItemProxy */ = {
			isa = PBXContainerItemProxy;
			containerPortal = 2550A50B243FB8820005549F /* Project object */;
			proxyType = 1;
			remoteGlobalIDString = 2550A512243FB8820005549F;
			remoteInfo = "Posts App";
		};
/* End PBXContainerItemProxy section */

/* Begin PBXFileReference section */
		1F644D5E2884B1851EDC7B55 /* Pods-Posts AppTests.debug.xcconfig */ = {isa = PBXFileReference; includeInIndex = 1; lastKnownFileType = text.xcconfig; name = "Pods-Posts AppTests.debug.xcconfig"; path = "Target Support Files/Pods-Posts AppTests/Pods-Posts AppTests.debug.xcconfig"; sourceTree = "<group>"; };
		2550A513243FB8820005549F /* Posts App.app */ = {isa = PBXFileReference; explicitFileType = wrapper.application; includeInIndex = 0; path = "Posts App.app"; sourceTree = BUILT_PRODUCTS_DIR; };
		2550A516243FB8820005549F /* AppDelegate.swift */ = {isa = PBXFileReference; lastKnownFileType = sourcecode.swift; path = AppDelegate.swift; sourceTree = "<group>"; };
		2550A520243FB8820005549F /* Posts_App.xcdatamodel */ = {isa = PBXFileReference; lastKnownFileType = wrapper.xcdatamodel; path = Posts_App.xcdatamodel; sourceTree = "<group>"; };
		2550A522243FB8840005549F /* Assets.xcassets */ = {isa = PBXFileReference; lastKnownFileType = folder.assetcatalog; path = Assets.xcassets; sourceTree = "<group>"; };
		2550A525243FB8840005549F /* Base */ = {isa = PBXFileReference; lastKnownFileType = file.storyboard; name = Base; path = Base.lproj/LaunchScreen.storyboard; sourceTree = "<group>"; };
		2550A527243FB8840005549F /* Info.plist */ = {isa = PBXFileReference; lastKnownFileType = text.plist.xml; path = Info.plist; sourceTree = "<group>"; };
		2550A52C243FB8840005549F /* Posts AppTests.xctest */ = {isa = PBXFileReference; explicitFileType = wrapper.cfbundle; includeInIndex = 0; path = "Posts AppTests.xctest"; sourceTree = BUILT_PRODUCTS_DIR; };
		2550A530243FB8840005549F /* Posts_AppTests.swift */ = {isa = PBXFileReference; lastKnownFileType = sourcecode.swift; path = Posts_AppTests.swift; sourceTree = "<group>"; };
		2550A532243FB8840005549F /* Info.plist */ = {isa = PBXFileReference; lastKnownFileType = text.plist.xml; path = Info.plist; sourceTree = "<group>"; };
		255EFBA9243FCB7000438951 /* PostsListViewController.swift */ = {isa = PBXFileReference; lastKnownFileType = sourcecode.swift; path = PostsListViewController.swift; sourceTree = "<group>"; };
		255EFBAB243FCCB100438951 /* PostsList.storyboard */ = {isa = PBXFileReference; lastKnownFileType = file.storyboard; path = PostsList.storyboard; sourceTree = "<group>"; };
		255EFBAD243FCE0A00438951 /* PostsListRouter.swift */ = {isa = PBXFileReference; lastKnownFileType = sourcecode.swift; path = PostsListRouter.swift; sourceTree = "<group>"; };
		255EFBAF243FCE1400438951 /* PostsListProtocols.swift */ = {isa = PBXFileReference; lastKnownFileType = sourcecode.swift; path = PostsListProtocols.swift; sourceTree = "<group>"; };
		255EFBB1243FCE2000438951 /* PostsListPresenter.swift */ = {isa = PBXFileReference; lastKnownFileType = sourcecode.swift; path = PostsListPresenter.swift; sourceTree = "<group>"; };
		255EFBB3243FCE2A00438951 /* PostsListInteractor.swift */ = {isa = PBXFileReference; lastKnownFileType = sourcecode.swift; path = PostsListInteractor.swift; sourceTree = "<group>"; };
		255EFBB5243FCE8A00438951 /* BaseViewController.swift */ = {isa = PBXFileReference; lastKnownFileType = sourcecode.swift; path = BaseViewController.swift; sourceTree = "<group>"; };
		255EFBB7243FFE6900438951 /* Colors.xcassets */ = {isa = PBXFileReference; lastKnownFileType = folder.assetcatalog; path = Colors.xcassets; sourceTree = "<group>"; };
		255EFBBB243FFF5900438951 /* ZemogaThemeColors.swift */ = {isa = PBXFileReference; lastKnownFileType = sourcecode.swift; path = ZemogaThemeColors.swift; sourceTree = "<group>"; };
		255EFBBE2440048F00438951 /* LocalizableStrings.swift */ = {isa = PBXFileReference; lastKnownFileType = sourcecode.swift; path = LocalizableStrings.swift; sourceTree = "<group>"; };
		255EFBC62440058D00438951 /* Localizable.strings */ = {isa = PBXFileReference; lastKnownFileType = text.plist.strings; path = Localizable.strings; sourceTree = "<group>"; };
		255EFBC92441254400438951 /* PostTableViewCell.swift */ = {isa = PBXFileReference; lastKnownFileType = sourcecode.swift; path = PostTableViewCell.swift; sourceTree = "<group>"; };
		255EFBCA2441254400438951 /* PostTableViewCell.xib */ = {isa = PBXFileReference; lastKnownFileType = file.xib; path = PostTableViewCell.xib; sourceTree = "<group>"; };
		255EFBCD24412DF600438951 /* PostsListViewController+UITableView.swift */ = {isa = PBXFileReference; lastKnownFileType = sourcecode.swift; path = "PostsListViewController+UITableView.swift"; sourceTree = "<group>"; };
		255EFBD024412EA400438951 /* UIView+Utils.swift */ = {isa = PBXFileReference; lastKnownFileType = sourcecode.swift; path = "UIView+Utils.swift"; sourceTree = "<group>"; };
		255EFBD72441370400438951 /* EndPointType.swift */ = {isa = PBXFileReference; lastKnownFileType = sourcecode.swift; path = EndPointType.swift; sourceTree = "<group>"; };
		255EFBD92441375900438951 /* HTTPMethod.swift */ = {isa = PBXFileReference; lastKnownFileType = sourcecode.swift; path = HTTPMethod.swift; sourceTree = "<group>"; };
		255EFBDB2441386F00438951 /* HTTPTask.swift */ = {isa = PBXFileReference; lastKnownFileType = sourcecode.swift; path = HTTPTask.swift; sourceTree = "<group>"; };
		255EFBDD244138F000438951 /* NetworkRouter.swift */ = {isa = PBXFileReference; lastKnownFileType = sourcecode.swift; path = NetworkRouter.swift; sourceTree = "<group>"; };
		255EFBDF2441392000438951 /* Router.swift */ = {isa = PBXFileReference; lastKnownFileType = sourcecode.swift; path = Router.swift; sourceTree = "<group>"; };
		255EFBE124413BF100438951 /* ParameterEncoder.swift */ = {isa = PBXFileReference; lastKnownFileType = sourcecode.swift; path = ParameterEncoder.swift; sourceTree = "<group>"; };
		255EFBE324413C4300438951 /* URLParameterEncoder.swift */ = {isa = PBXFileReference; lastKnownFileType = sourcecode.swift; path = URLParameterEncoder.swift; sourceTree = "<group>"; };
		255EFBE524413C7A00438951 /* JSONParameterEncoder.swift */ = {isa = PBXFileReference; lastKnownFileType = sourcecode.swift; path = JSONParameterEncoder.swift; sourceTree = "<group>"; };
		255EFBE724413D8C00438951 /* DefaultNetworkManager.swift */ = {isa = PBXFileReference; lastKnownFileType = sourcecode.swift; path = DefaultNetworkManager.swift; sourceTree = "<group>"; };
		255EFBED2441434300438951 /* PostsAPI.swift */ = {isa = PBXFileReference; lastKnownFileType = sourcecode.swift; path = PostsAPI.swift; sourceTree = "<group>"; };
		255EFBEF2441435C00438951 /* PostsNetworkManager.swift */ = {isa = PBXFileReference; lastKnownFileType = sourcecode.swift; path = PostsNetworkManager.swift; sourceTree = "<group>"; };
		255EFBF1244144D300438951 /* getPostsUseCase.swift */ = {isa = PBXFileReference; lastKnownFileType = sourcecode.swift; path = getPostsUseCase.swift; sourceTree = "<group>"; };
		255EFBF3244144F000438951 /* getPostCommentsUseCase.swift */ = {isa = PBXFileReference; lastKnownFileType = sourcecode.swift; path = getPostCommentsUseCase.swift; sourceTree = "<group>"; };
		255EFBF52442618200438951 /* PostsListModel.swift */ = {isa = PBXFileReference; lastKnownFileType = sourcecode.swift; path = PostsListModel.swift; sourceTree = "<group>"; };
		255EFBFE2443B70800438951 /* PostDetailViewController.swift */ = {isa = PBXFileReference; lastKnownFileType = sourcecode.swift; path = PostDetailViewController.swift; sourceTree = "<group>"; };
		255EFC002443B71100438951 /* PostDetail.storyboard */ = {isa = PBXFileReference; lastKnownFileType = file.storyboard; path = PostDetail.storyboard; sourceTree = "<group>"; };
		255EFC022443B73300438951 /* PostDetailRouter.swift */ = {isa = PBXFileReference; lastKnownFileType = sourcecode.swift; path = PostDetailRouter.swift; sourceTree = "<group>"; };
		255EFC042443B73E00438951 /* PostDetailProtocols.swift */ = {isa = PBXFileReference; lastKnownFileType = sourcecode.swift; path = PostDetailProtocols.swift; sourceTree = "<group>"; };
		255EFC062443B74700438951 /* PostDetailPresenter.swift */ = {isa = PBXFileReference; lastKnownFileType = sourcecode.swift; path = PostDetailPresenter.swift; sourceTree = "<group>"; };
		255EFC082443B75100438951 /* PostDetailInteractor.swift */ = {isa = PBXFileReference; lastKnownFileType = sourcecode.swift; path = PostDetailInteractor.swift; sourceTree = "<group>"; };
		255EFC0A2443BE1B00438951 /* PostDetailModel.swift */ = {isa = PBXFileReference; lastKnownFileType = sourcecode.swift; path = PostDetailModel.swift; sourceTree = "<group>"; };
		255EFC102443C18E00438951 /* UsersAPI.swift */ = {isa = PBXFileReference; lastKnownFileType = sourcecode.swift; path = UsersAPI.swift; sourceTree = "<group>"; };
		255EFC122443C21200438951 /* getUserUseCase.swift */ = {isa = PBXFileReference; lastKnownFileType = sourcecode.swift; path = getUserUseCase.swift; sourceTree = "<group>"; };
		255EFC142443C39000438951 /* Encodable+Utils.swift */ = {isa = PBXFileReference; lastKnownFileType = sourcecode.swift; path = "Encodable+Utils.swift"; sourceTree = "<group>"; };
		255EFC162443C3DF00438951 /* UsersNetworkManager.swift */ = {isa = PBXFileReference; lastKnownFileType = sourcecode.swift; path = UsersNetworkManager.swift; sourceTree = "<group>"; };
		255EFC182443CD3B00438951 /* PostDetailViewController+UITableView.swift */ = {isa = PBXFileReference; lastKnownFileType = sourcecode.swift; path = "PostDetailViewController+UITableView.swift"; sourceTree = "<group>"; };
		255EFC1B2443D36800438951 /* PostCommentTableViewCell.swift */ = {isa = PBXFileReference; lastKnownFileType = sourcecode.swift; path = PostCommentTableViewCell.swift; sourceTree = "<group>"; };
		255EFC1C2443D36800438951 /* PostCommentTableViewCell.xib */ = {isa = PBXFileReference; lastKnownFileType = file.xib; path = PostCommentTableViewCell.xib; sourceTree = "<group>"; };
		255EFC202443DDD500438951 /* CoreDataManager.swift */ = {isa = PBXFileReference; lastKnownFileType = sourcecode.swift; path = CoreDataManager.swift; sourceTree = "<group>"; };
		255EFC242443E0CB00438951 /* CoreDataModel.swift */ = {isa = PBXFileReference; lastKnownFileType = sourcecode.swift; path = CoreDataModel.swift; sourceTree = "<group>"; };
		25829865243FC8D10053AD37 /* Storyboarded.swift */ = {isa = PBXFileReference; lastKnownFileType = sourcecode.swift; path = Storyboarded.swift; sourceTree = "<group>"; };
		25829867243FC9240053AD37 /* Storyboards.swift */ = {isa = PBXFileReference; lastKnownFileType = sourcecode.swift; path = Storyboards.swift; sourceTree = "<group>"; };
		2583A4CD2443EEA3002943A3 /* ZemogaThemeImages.swift */ = {isa = PBXFileReference; lastKnownFileType = sourcecode.swift; path = ZemogaThemeImages.swift; sourceTree = "<group>"; };
		2583A4D12443FF6C002943A3 /* delete.json */ = {isa = PBXFileReference; fileEncoding = 4; lastKnownFileType = text.json; path = delete.json; sourceTree = "<group>"; };
		2583A4D724440593002943A3 /* loading.json */ = {isa = PBXFileReference; fileEncoding = 4; lastKnownFileType = text.json; path = loading.json; sourceTree = "<group>"; };
		2C1CAF1FE39BBD94A5BFB7B2 /* Pods-Posts AppTests.release.xcconfig */ = {isa = PBXFileReference; includeInIndex = 1; lastKnownFileType = text.xcconfig; name = "Pods-Posts AppTests.release.xcconfig"; path = "Target Support Files/Pods-Posts AppTests/Pods-Posts AppTests.release.xcconfig"; sourceTree = "<group>"; };
		8AD4FA9D81E697817D15900B /* Pods_Posts_AppTests.framework */ = {isa = PBXFileReference; explicitFileType = wrapper.framework; includeInIndex = 0; path = Pods_Posts_AppTests.framework; sourceTree = BUILT_PRODUCTS_DIR; };
		D106ECE7BF6CA3EFC06B617C /* Pods_Posts_App.framework */ = {isa = PBXFileReference; explicitFileType = wrapper.framework; includeInIndex = 0; path = Pods_Posts_App.framework; sourceTree = BUILT_PRODUCTS_DIR; };
		EF33CBD54DF465C0FA64F082 /* Pods-Posts App.debug.xcconfig */ = {isa = PBXFileReference; includeInIndex = 1; lastKnownFileType = text.xcconfig; name = "Pods-Posts App.debug.xcconfig"; path = "Target Support Files/Pods-Posts App/Pods-Posts App.debug.xcconfig"; sourceTree = "<group>"; };
		FA0A13FE212324A3461E213E /* Pods-Posts App.release.xcconfig */ = {isa = PBXFileReference; includeInIndex = 1; lastKnownFileType = text.xcconfig; name = "Pods-Posts App.release.xcconfig"; path = "Target Support Files/Pods-Posts App/Pods-Posts App.release.xcconfig"; sourceTree = "<group>"; };
/* End PBXFileReference section */

/* Begin PBXFrameworksBuildPhase section */
		2550A510243FB8820005549F /* Frameworks */ = {
			isa = PBXFrameworksBuildPhase;
			buildActionMask = 2147483647;
			files = (
				F36459893777E6EB6AC9435F /* Pods_Posts_App.framework in Frameworks */,
			);
			runOnlyForDeploymentPostprocessing = 0;
		};
		2550A529243FB8840005549F /* Frameworks */ = {
			isa = PBXFrameworksBuildPhase;
			buildActionMask = 2147483647;
			files = (
				E717D2E4A5D098FBDFDCC83E /* Pods_Posts_AppTests.framework in Frameworks */,
			);
			runOnlyForDeploymentPostprocessing = 0;
		};
/* End PBXFrameworksBuildPhase section */

/* Begin PBXGroup section */
		2550A50A243FB8820005549F = {
			isa = PBXGroup;
			children = (
				2550A515243FB8820005549F /* Posts App */,
				2550A52F243FB8840005549F /* Posts AppTests */,
				2550A514243FB8820005549F /* Products */,
				780F52AC03955D0227B884AF /* Pods */,
				F99F513D9A275A36A0B28397 /* Frameworks */,
			);
			sourceTree = "<group>";
		};
		2550A514243FB8820005549F /* Products */ = {
			isa = PBXGroup;
			children = (
				2550A513243FB8820005549F /* Posts App.app */,
				2550A52C243FB8840005549F /* Posts AppTests.xctest */,
			);
			name = Products;
			sourceTree = "<group>";
		};
		2550A515243FB8820005549F /* Posts App */ = {
			isa = PBXGroup;
			children = (
				255EFBBD2440047A00438951 /* Assets */,
				25829864243FC88F0053AD37 /* Config */,
				2582985B243FC4910053AD37 /* Modules */,
				255EFC1F2443DDC400438951 /* CoreData */,
				255EFBD2244136A900438951 /* NetworkManager */,
				255EFBCF24412E8700438951 /* Extensions */,
				25829863243FC8580053AD37 /* SupportFiles */,
				255EFBBA243FFF1400438951 /* ZemogaTheme */,
				2550A524243FB8840005549F /* LaunchScreen.storyboard */,
			);
			path = "Posts App";
			sourceTree = "<group>";
		};
		2550A52F243FB8840005549F /* Posts AppTests */ = {
			isa = PBXGroup;
			children = (
				2550A530243FB8840005549F /* Posts_AppTests.swift */,
				2550A532243FB8840005549F /* Info.plist */,
			);
			path = "Posts AppTests";
			sourceTree = "<group>";
		};
		255EFBBA243FFF1400438951 /* ZemogaTheme */ = {
			isa = PBXGroup;
			children = (
				255EFBBB243FFF5900438951 /* ZemogaThemeColors.swift */,
				2583A4CD2443EEA3002943A3 /* ZemogaThemeImages.swift */,
			);
			path = ZemogaTheme;
			sourceTree = "<group>";
		};
		255EFBBD2440047A00438951 /* Assets */ = {
			isa = PBXGroup;
			children = (
				2583A4D02443FF5E002943A3 /* LottieAnimations */,
				2550A522243FB8840005549F /* Assets.xcassets */,
				255EFBB7243FFE6900438951 /* Colors.xcassets */,
				255EFBBE2440048F00438951 /* LocalizableStrings.swift */,
				255EFBC62440058D00438951 /* Localizable.strings */,
			);
			path = Assets;
			sourceTree = "<group>";
		};
		255EFBC82441252900438951 /* Cell */ = {
			isa = PBXGroup;
			children = (
				255EFBC92441254400438951 /* PostTableViewCell.swift */,
				255EFBCA2441254400438951 /* PostTableViewCell.xib */,
			);
			path = Cell;
			sourceTree = "<group>";
		};
		255EFBCF24412E8700438951 /* Extensions */ = {
			isa = PBXGroup;
			children = (
				255EFBD024412EA400438951 /* UIView+Utils.swift */,
				255EFC142443C39000438951 /* Encodable+Utils.swift */,
			);
			path = Extensions;
			sourceTree = "<group>";
		};
		255EFBD2244136A900438951 /* NetworkManager */ = {
			isa = PBXGroup;
			children = (
				255EFBD6244136F100438951 /* EndPoint */,
				255EFBD5244136E900438951 /* Manager */,
				255EFBD4244136D700438951 /* Encoding */,
				255EFBD3244136CF00438951 /* Service */,
			);
			path = NetworkManager;
			sourceTree = "<group>";
		};
		255EFBD3244136CF00438951 /* Service */ = {
			isa = PBXGroup;
			children = (
				255EFBD72441370400438951 /* EndPointType.swift */,
				255EFBD92441375900438951 /* HTTPMethod.swift */,
				255EFBDB2441386F00438951 /* HTTPTask.swift */,
				255EFBDD244138F000438951 /* NetworkRouter.swift */,
				255EFBDF2441392000438951 /* Router.swift */,
			);
			path = Service;
			sourceTree = "<group>";
		};
		255EFBD4244136D700438951 /* Encoding */ = {
			isa = PBXGroup;
			children = (
				255EFBE124413BF100438951 /* ParameterEncoder.swift */,
				255EFBE324413C4300438951 /* URLParameterEncoder.swift */,
				255EFBE524413C7A00438951 /* JSONParameterEncoder.swift */,
			);
			path = Encoding;
			sourceTree = "<group>";
		};
		255EFBD5244136E900438951 /* Manager */ = {
			isa = PBXGroup;
			children = (
				255EFBE724413D8C00438951 /* DefaultNetworkManager.swift */,
			);
			path = Manager;
			sourceTree = "<group>";
		};
		255EFBD6244136F100438951 /* EndPoint */ = {
			isa = PBXGroup;
			children = (
				255EFC0C2443C17000438951 /* Users */,
				255EFBE92441417C00438951 /* Posts */,
			);
			path = EndPoint;
			sourceTree = "<group>";
		};
		255EFBE92441417C00438951 /* Posts */ = {
			isa = PBXGroup;
			children = (
				255EFBEC2441433200438951 /* API */,
				255EFBEB2441432800438951 /* Manager */,
				255EFBEA2441431900438951 /* UseCases */,
			);
			path = Posts;
			sourceTree = "<group>";
		};
		255EFBEA2441431900438951 /* UseCases */ = {
			isa = PBXGroup;
			children = (
				255EFBF1244144D300438951 /* getPostsUseCase.swift */,
				255EFBF3244144F000438951 /* getPostCommentsUseCase.swift */,
			);
			path = UseCases;
			sourceTree = "<group>";
		};
		255EFBEB2441432800438951 /* Manager */ = {
			isa = PBXGroup;
			children = (
				255EFBEF2441435C00438951 /* PostsNetworkManager.swift */,
			);
			path = Manager;
			sourceTree = "<group>";
		};
		255EFBEC2441433200438951 /* API */ = {
			isa = PBXGroup;
			children = (
				255EFBED2441434300438951 /* PostsAPI.swift */,
			);
			path = API;
			sourceTree = "<group>";
		};
		255EFBF72443B41B00438951 /* PostDetail */ = {
			isa = PBXGroup;
			children = (
				255EFBFD2443B46000438951 /* Entity */,
				255EFBFC2443B45900438951 /* Interactor */,
				255EFBFB2443B45400438951 /* Presenter */,
				255EFBFA2443B44F00438951 /* Protocols */,
				255EFBF92443B44B00438951 /* Router */,
				255EFBF82443B44700438951 /* View */,
			);
			path = PostDetail;
			sourceTree = "<group>";
		};
		255EFBF82443B44700438951 /* View */ = {
			isa = PBXGroup;
			children = (
				255EFC1A2443D34D00438951 /* Cell */,
				255EFBFE2443B70800438951 /* PostDetailViewController.swift */,
				255EFC182443CD3B00438951 /* PostDetailViewController+UITableView.swift */,
				255EFC002443B71100438951 /* PostDetail.storyboard */,
			);
			path = View;
			sourceTree = "<group>";
		};
		255EFBF92443B44B00438951 /* Router */ = {
			isa = PBXGroup;
			children = (
				255EFC022443B73300438951 /* PostDetailRouter.swift */,
			);
			path = Router;
			sourceTree = "<group>";
		};
		255EFBFA2443B44F00438951 /* Protocols */ = {
			isa = PBXGroup;
			children = (
				255EFC042443B73E00438951 /* PostDetailProtocols.swift */,
			);
			path = Protocols;
			sourceTree = "<group>";
		};
		255EFBFB2443B45400438951 /* Presenter */ = {
			isa = PBXGroup;
			children = (
				255EFC062443B74700438951 /* PostDetailPresenter.swift */,
			);
			path = Presenter;
			sourceTree = "<group>";
		};
		255EFBFC2443B45900438951 /* Interactor */ = {
			isa = PBXGroup;
			children = (
				255EFC082443B75100438951 /* PostDetailInteractor.swift */,
			);
			path = Interactor;
			sourceTree = "<group>";
		};
		255EFBFD2443B46000438951 /* Entity */ = {
			isa = PBXGroup;
			children = (
				255EFC0A2443BE1B00438951 /* PostDetailModel.swift */,
			);
			path = Entity;
			sourceTree = "<group>";
		};
		255EFC0C2443C17000438951 /* Users */ = {
			isa = PBXGroup;
			children = (
				255EFC0F2443C18200438951 /* API */,
				255EFC0E2443C17C00438951 /* Manager */,
				255EFC0D2443C17700438951 /* UseCases */,
			);
			path = Users;
			sourceTree = "<group>";
		};
		255EFC0D2443C17700438951 /* UseCases */ = {
			isa = PBXGroup;
			children = (
				255EFC122443C21200438951 /* getUserUseCase.swift */,
			);
			path = UseCases;
			sourceTree = "<group>";
		};
		255EFC0E2443C17C00438951 /* Manager */ = {
			isa = PBXGroup;
			children = (
				255EFC162443C3DF00438951 /* UsersNetworkManager.swift */,
			);
			path = Manager;
			sourceTree = "<group>";
		};
		255EFC0F2443C18200438951 /* API */ = {
			isa = PBXGroup;
			children = (
				255EFC102443C18E00438951 /* UsersAPI.swift */,
			);
			path = API;
			sourceTree = "<group>";
		};
		255EFC1A2443D34D00438951 /* Cell */ = {
			isa = PBXGroup;
			children = (
				255EFC1B2443D36800438951 /* PostCommentTableViewCell.swift */,
				255EFC1C2443D36800438951 /* PostCommentTableViewCell.xib */,
			);
			path = Cell;
			sourceTree = "<group>";
		};
		255EFC1F2443DDC400438951 /* CoreData */ = {
			isa = PBXGroup;
			children = (
				2583A4CF2443FDD1002943A3 /* DataModel */,
				255EFC232443E0BD00438951 /* Entity */,
				255EFC222443DE6600438951 /* Manager */,
			);
			path = CoreData;
			sourceTree = "<group>";
		};
		255EFC222443DE6600438951 /* Manager */ = {
			isa = PBXGroup;
			children = (
				255EFC202443DDD500438951 /* CoreDataManager.swift */,
			);
			path = Manager;
			sourceTree = "<group>";
		};
		255EFC232443E0BD00438951 /* Entity */ = {
			isa = PBXGroup;
			children = (
				255EFC242443E0CB00438951 /* CoreDataModel.swift */,
			);
			path = Entity;
			sourceTree = "<group>";
		};
		2582985B243FC4910053AD37 /* Modules */ = {
			isa = PBXGroup;
			children = (
				2582985C243FC5580053AD37 /* PostsList */,
				255EFBF72443B41B00438951 /* PostDetail */,
			);
			path = Modules;
			sourceTree = "<group>";
		};
		2582985C243FC5580053AD37 /* PostsList */ = {
			isa = PBXGroup;
			children = (
				25829862243FC8230053AD37 /* Entity */,
				25829861243FC81A0053AD37 /* Interactor */,
				25829860243FC8140053AD37 /* Presenter */,
				2582985F243FC80C0053AD37 /* Protocols */,
				2582985E243FC8030053AD37 /* Router */,
				2582985D243FC7EE0053AD37 /* View */,
			);
			path = PostsList;
			sourceTree = "<group>";
		};
		2582985D243FC7EE0053AD37 /* View */ = {
			isa = PBXGroup;
			children = (
				255EFBC82441252900438951 /* Cell */,
				255EFBA9243FCB7000438951 /* PostsListViewController.swift */,
				255EFBCD24412DF600438951 /* PostsListViewController+UITableView.swift */,
				255EFBAB243FCCB100438951 /* PostsList.storyboard */,
			);
			path = View;
			sourceTree = "<group>";
		};
		2582985E243FC8030053AD37 /* Router */ = {
			isa = PBXGroup;
			children = (
				255EFBAD243FCE0A00438951 /* PostsListRouter.swift */,
			);
			path = Router;
			sourceTree = "<group>";
		};
		2582985F243FC80C0053AD37 /* Protocols */ = {
			isa = PBXGroup;
			children = (
				255EFBAF243FCE1400438951 /* PostsListProtocols.swift */,
			);
			path = Protocols;
			sourceTree = "<group>";
		};
		25829860243FC8140053AD37 /* Presenter */ = {
			isa = PBXGroup;
			children = (
				255EFBB1243FCE2000438951 /* PostsListPresenter.swift */,
			);
			path = Presenter;
			sourceTree = "<group>";
		};
		25829861243FC81A0053AD37 /* Interactor */ = {
			isa = PBXGroup;
			children = (
				255EFBB3243FCE2A00438951 /* PostsListInteractor.swift */,
			);
			path = Interactor;
			sourceTree = "<group>";
		};
		25829862243FC8230053AD37 /* Entity */ = {
			isa = PBXGroup;
			children = (
				255EFBF52442618200438951 /* PostsListModel.swift */,
			);
			path = Entity;
			sourceTree = "<group>";
		};
		25829863243FC8580053AD37 /* SupportFiles */ = {
			isa = PBXGroup;
			children = (
				255EFBB5243FCE8A00438951 /* BaseViewController.swift */,
				25829865243FC8D10053AD37 /* Storyboarded.swift */,
				25829867243FC9240053AD37 /* Storyboards.swift */,
			);
			path = SupportFiles;
			sourceTree = "<group>";
		};
		25829864243FC88F0053AD37 /* Config */ = {
			isa = PBXGroup;
			children = (
				2550A516243FB8820005549F /* AppDelegate.swift */,
				2550A527243FB8840005549F /* Info.plist */,
			);
			path = Config;
			sourceTree = "<group>";
		};
		2583A4CF2443FDD1002943A3 /* DataModel */ = {
			isa = PBXGroup;
			children = (
				2550A51F243FB8820005549F /* Posts_App.xcdatamodeld */,
			);
			path = DataModel;
			sourceTree = "<group>";
		};
		2583A4D02443FF5E002943A3 /* LottieAnimations */ = {
			isa = PBXGroup;
			children = (
				2583A4D724440593002943A3 /* loading.json */,
				2583A4D12443FF6C002943A3 /* delete.json */,
			);
			path = LottieAnimations;
			sourceTree = "<group>";
		};
		780F52AC03955D0227B884AF /* Pods */ = {
			isa = PBXGroup;
			children = (
				EF33CBD54DF465C0FA64F082 /* Pods-Posts App.debug.xcconfig */,
				FA0A13FE212324A3461E213E /* Pods-Posts App.release.xcconfig */,
				1F644D5E2884B1851EDC7B55 /* Pods-Posts AppTests.debug.xcconfig */,
				2C1CAF1FE39BBD94A5BFB7B2 /* Pods-Posts AppTests.release.xcconfig */,
			);
			path = Pods;
			sourceTree = "<group>";
		};
		F99F513D9A275A36A0B28397 /* Frameworks */ = {
			isa = PBXGroup;
			children = (
				D106ECE7BF6CA3EFC06B617C /* Pods_Posts_App.framework */,
				8AD4FA9D81E697817D15900B /* Pods_Posts_AppTests.framework */,
			);
			name = Frameworks;
			sourceTree = "<group>";
		};
/* End PBXGroup section */

/* Begin PBXNativeTarget section */
		2550A512243FB8820005549F /* Posts App */ = {
			isa = PBXNativeTarget;
			buildConfigurationList = 2550A535243FB8840005549F /* Build configuration list for PBXNativeTarget "Posts App" */;
			buildPhases = (
				0199EF045583E9F2E4114B49 /* [CP] Check Pods Manifest.lock */,
				2550A50F243FB8820005549F /* Sources */,
				2550A510243FB8820005549F /* Frameworks */,
				2550A511243FB8820005549F /* Resources */,
				88FC98D3CA4A6D1F0B005163 /* [CP] Embed Pods Frameworks */,
			);
			buildRules = (
			);
			dependencies = (
			);
			name = "Posts App";
			productName = "Posts App";
			productReference = 2550A513243FB8820005549F /* Posts App.app */;
			productType = "com.apple.product-type.application";
		};
		2550A52B243FB8840005549F /* Posts AppTests */ = {
			isa = PBXNativeTarget;
			buildConfigurationList = 2550A538243FB8840005549F /* Build configuration list for PBXNativeTarget "Posts AppTests" */;
			buildPhases = (
				ABF86072307FED915485B66A /* [CP] Check Pods Manifest.lock */,
				2550A528243FB8840005549F /* Sources */,
				2550A529243FB8840005549F /* Frameworks */,
				2550A52A243FB8840005549F /* Resources */,
			);
			buildRules = (
			);
			dependencies = (
				2550A52E243FB8840005549F /* PBXTargetDependency */,
			);
			name = "Posts AppTests";
			productName = "Posts AppTests";
			productReference = 2550A52C243FB8840005549F /* Posts AppTests.xctest */;
			productType = "com.apple.product-type.bundle.unit-test";
		};
/* End PBXNativeTarget section */

/* Begin PBXProject section */
		2550A50B243FB8820005549F /* Project object */ = {
			isa = PBXProject;
			attributes = {
				LastSwiftUpdateCheck = 1130;
				LastUpgradeCheck = 1130;
				ORGANIZATIONNAME = "Miguel Valcarcel";
				TargetAttributes = {
					2550A512243FB8820005549F = {
						CreatedOnToolsVersion = 11.3.1;
					};
					2550A52B243FB8840005549F = {
						CreatedOnToolsVersion = 11.3.1;
						TestTargetID = 2550A512243FB8820005549F;
					};
				};
			};
			buildConfigurationList = 2550A50E243FB8820005549F /* Build configuration list for PBXProject "Posts App" */;
			compatibilityVersion = "Xcode 9.3";
			developmentRegion = en;
			hasScannedForEncodings = 0;
			knownRegions = (
				en,
				Base,
			);
			mainGroup = 2550A50A243FB8820005549F;
			productRefGroup = 2550A514243FB8820005549F /* Products */;
			projectDirPath = "";
			projectRoot = "";
			targets = (
				2550A512243FB8820005549F /* Posts App */,
				2550A52B243FB8840005549F /* Posts AppTests */,
			);
		};
/* End PBXProject section */

/* Begin PBXResourcesBuildPhase section */
		2550A511243FB8820005549F /* Resources */ = {
			isa = PBXResourcesBuildPhase;
			buildActionMask = 2147483647;
			files = (
				2583A4D22443FF6C002943A3 /* delete.json in Resources */,
				255EFBC72440058D00438951 /* Localizable.strings in Resources */,
				255EFC1E2443D36800438951 /* PostCommentTableViewCell.xib in Resources */,
				255EFBAC243FCCB100438951 /* PostsList.storyboard in Resources */,
				2583A4D824440593002943A3 /* loading.json in Resources */,
				255EFBB8243FFE6900438951 /* Colors.xcassets in Resources */,
				255EFC012443B71100438951 /* PostDetail.storyboard in Resources */,
				255EFBCC2441254400438951 /* PostTableViewCell.xib in Resources */,
				2550A526243FB8840005549F /* LaunchScreen.storyboard in Resources */,
				2550A523243FB8840005549F /* Assets.xcassets in Resources */,
			);
			runOnlyForDeploymentPostprocessing = 0;
		};
		2550A52A243FB8840005549F /* Resources */ = {
			isa = PBXResourcesBuildPhase;
			buildActionMask = 2147483647;
			files = (
			);
			runOnlyForDeploymentPostprocessing = 0;
		};
/* End PBXResourcesBuildPhase section */

/* Begin PBXShellScriptBuildPhase section */
		0199EF045583E9F2E4114B49 /* [CP] Check Pods Manifest.lock */ = {
			isa = PBXShellScriptBuildPhase;
			buildActionMask = 2147483647;
			files = (
			);
			inputFileListPaths = (
			);
			inputPaths = (
				"${PODS_PODFILE_DIR_PATH}/Podfile.lock",
				"${PODS_ROOT}/Manifest.lock",
			);
			name = "[CP] Check Pods Manifest.lock";
			outputFileListPaths = (
			);
			outputPaths = (
				"$(DERIVED_FILE_DIR)/Pods-Posts App-checkManifestLockResult.txt",
			);
			runOnlyForDeploymentPostprocessing = 0;
			shellPath = /bin/sh;
			shellScript = "diff \"${PODS_PODFILE_DIR_PATH}/Podfile.lock\" \"${PODS_ROOT}/Manifest.lock\" > /dev/null\nif [ $? != 0 ] ; then\n    # print error to STDERR\n    echo \"error: The sandbox is not in sync with the Podfile.lock. Run 'pod install' or update your CocoaPods installation.\" >&2\n    exit 1\nfi\n# This output is used by Xcode 'outputs' to avoid re-running this script phase.\necho \"SUCCESS\" > \"${SCRIPT_OUTPUT_FILE_0}\"\n";
			showEnvVarsInLog = 0;
		};
		88FC98D3CA4A6D1F0B005163 /* [CP] Embed Pods Frameworks */ = {
			isa = PBXShellScriptBuildPhase;
			buildActionMask = 2147483647;
			files = (
			);
			inputFileListPaths = (
				"${PODS_ROOT}/Target Support Files/Pods-Posts App/Pods-Posts App-frameworks-${CONFIGURATION}-input-files.xcfilelist",
			);
			name = "[CP] Embed Pods Frameworks";
			outputFileListPaths = (
				"${PODS_ROOT}/Target Support Files/Pods-Posts App/Pods-Posts App-frameworks-${CONFIGURATION}-output-files.xcfilelist",
			);
			runOnlyForDeploymentPostprocessing = 0;
			shellPath = /bin/sh;
			shellScript = "\"${PODS_ROOT}/Target Support Files/Pods-Posts App/Pods-Posts App-frameworks.sh\"\n";
			showEnvVarsInLog = 0;
		};
		ABF86072307FED915485B66A /* [CP] Check Pods Manifest.lock */ = {
			isa = PBXShellScriptBuildPhase;
			buildActionMask = 2147483647;
			files = (
			);
			inputFileListPaths = (
			);
			inputPaths = (
				"${PODS_PODFILE_DIR_PATH}/Podfile.lock",
				"${PODS_ROOT}/Manifest.lock",
			);
			name = "[CP] Check Pods Manifest.lock";
			outputFileListPaths = (
			);
			outputPaths = (
				"$(DERIVED_FILE_DIR)/Pods-Posts AppTests-checkManifestLockResult.txt",
			);
			runOnlyForDeploymentPostprocessing = 0;
			shellPath = /bin/sh;
			shellScript = "diff \"${PODS_PODFILE_DIR_PATH}/Podfile.lock\" \"${PODS_ROOT}/Manifest.lock\" > /dev/null\nif [ $? != 0 ] ; then\n    # print error to STDERR\n    echo \"error: The sandbox is not in sync with the Podfile.lock. Run 'pod install' or update your CocoaPods installation.\" >&2\n    exit 1\nfi\n# This output is used by Xcode 'outputs' to avoid re-running this script phase.\necho \"SUCCESS\" > \"${SCRIPT_OUTPUT_FILE_0}\"\n";
			showEnvVarsInLog = 0;
		};
/* End PBXShellScriptBuildPhase section */

/* Begin PBXSourcesBuildPhase section */
		2550A50F243FB8820005549F /* Sources */ = {
			isa = PBXSourcesBuildPhase;
			buildActionMask = 2147483647;
			files = (
				255EFBD82441370400438951 /* EndPointType.swift in Sources */,
				255EFC112443C18E00438951 /* UsersAPI.swift in Sources */,
				255EFBB2243FCE2000438951 /* PostsListPresenter.swift in Sources */,
				255EFBAE243FCE0A00438951 /* PostsListRouter.swift in Sources */,
				255EFBCB2441254400438951 /* PostTableViewCell.swift in Sources */,
				255EFC132443C21200438951 /* getUserUseCase.swift in Sources */,
				25829868243FC9240053AD37 /* Storyboards.swift in Sources */,
				2550A517243FB8820005549F /* AppDelegate.swift in Sources */,
				255EFBE224413BF100438951 /* ParameterEncoder.swift in Sources */,
				255EFBFF2443B70800438951 /* PostDetailViewController.swift in Sources */,
				255EFBB0243FCE1400438951 /* PostsListProtocols.swift in Sources */,
				255EFBF4244144F000438951 /* getPostCommentsUseCase.swift in Sources */,
				255EFC212443DDD500438951 /* CoreDataManager.swift in Sources */,
				255EFBF62442618200438951 /* PostsListModel.swift in Sources */,
				255EFC152443C39000438951 /* Encodable+Utils.swift in Sources */,
				255EFBE824413D8C00438951 /* DefaultNetworkManager.swift in Sources */,
				255EFBB6243FCE8A00438951 /* BaseViewController.swift in Sources */,
				255EFBD124412EA400438951 /* UIView+Utils.swift in Sources */,
				255EFBBC243FFF5900438951 /* ZemogaThemeColors.swift in Sources */,
				255EFC092443B75100438951 /* PostDetailInteractor.swift in Sources */,
				255EFBCE24412DF600438951 /* PostsListViewController+UITableView.swift in Sources */,
				255EFC252443E0CB00438951 /* CoreDataModel.swift in Sources */,
				255EFBE424413C4300438951 /* URLParameterEncoder.swift in Sources */,
				255EFC072443B74700438951 /* PostDetailPresenter.swift in Sources */,
				255EFC172443C3DF00438951 /* UsersNetworkManager.swift in Sources */,
				255EFBF02441435C00438951 /* PostsNetworkManager.swift in Sources */,
				255EFC052443B73E00438951 /* PostDetailProtocols.swift in Sources */,
				255EFC192443CD3B00438951 /* PostDetailViewController+UITableView.swift in Sources */,
				255EFBAA243FCB7000438951 /* PostsListViewController.swift in Sources */,
				255EFC1D2443D36800438951 /* PostCommentTableViewCell.swift in Sources */,
				255EFBF2244144D300438951 /* getPostsUseCase.swift in Sources */,
				255EFBE02441392000438951 /* Router.swift in Sources */,
				255EFC0B2443BE1B00438951 /* PostDetailModel.swift in Sources */,
				255EFBDC2441386F00438951 /* HTTPTask.swift in Sources */,
				255EFBDA2441375900438951 /* HTTPMethod.swift in Sources */,
				2550A521243FB8820005549F /* Posts_App.xcdatamodeld in Sources */,
				25829866243FC8D10053AD37 /* Storyboarded.swift in Sources */,
				255EFBE624413C7A00438951 /* JSONParameterEncoder.swift in Sources */,
				2583A4CE2443EEA3002943A3 /* ZemogaThemeImages.swift in Sources */,
				255EFC032443B73300438951 /* PostDetailRouter.swift in Sources */,
				255EFBDE244138F000438951 /* NetworkRouter.swift in Sources */,
				255EFBBF2440048F00438951 /* LocalizableStrings.swift in Sources */,
				255EFBB4243FCE2A00438951 /* PostsListInteractor.swift in Sources */,
				255EFBEE2441434300438951 /* PostsAPI.swift in Sources */,
			);
			runOnlyForDeploymentPostprocessing = 0;
		};
		2550A528243FB8840005549F /* Sources */ = {
			isa = PBXSourcesBuildPhase;
			buildActionMask = 2147483647;
			files = (
				2550A531243FB8840005549F /* Posts_AppTests.swift in Sources */,
			);
			runOnlyForDeploymentPostprocessing = 0;
		};
/* End PBXSourcesBuildPhase section */

/* Begin PBXTargetDependency section */
		2550A52E243FB8840005549F /* PBXTargetDependency */ = {
			isa = PBXTargetDependency;
			target = 2550A512243FB8820005549F /* Posts App */;
			targetProxy = 2550A52D243FB8840005549F /* PBXContainerItemProxy */;
		};
/* End PBXTargetDependency section */

/* Begin PBXVariantGroup section */
		2550A524243FB8840005549F /* LaunchScreen.storyboard */ = {
			isa = PBXVariantGroup;
			children = (
				2550A525243FB8840005549F /* Base */,
			);
			name = LaunchScreen.storyboard;
			sourceTree = "<group>";
		};
/* End PBXVariantGroup section */

/* Begin XCBuildConfiguration section */
		2550A533243FB8840005549F /* Debug */ = {
			isa = XCBuildConfiguration;
			buildSettings = {
				ALWAYS_SEARCH_USER_PATHS = NO;
				CLANG_ANALYZER_NONNULL = YES;
				CLANG_ANALYZER_NUMBER_OBJECT_CONVERSION = YES_AGGRESSIVE;
				CLANG_CXX_LANGUAGE_STANDARD = "gnu++14";
				CLANG_CXX_LIBRARY = "libc++";
				CLANG_ENABLE_MODULES = YES;
				CLANG_ENABLE_OBJC_ARC = YES;
				CLANG_ENABLE_OBJC_WEAK = YES;
				CLANG_WARN_BLOCK_CAPTURE_AUTORELEASING = YES;
				CLANG_WARN_BOOL_CONVERSION = YES;
				CLANG_WARN_COMMA = YES;
				CLANG_WARN_CONSTANT_CONVERSION = YES;
				CLANG_WARN_DEPRECATED_OBJC_IMPLEMENTATIONS = YES;
				CLANG_WARN_DIRECT_OBJC_ISA_USAGE = YES_ERROR;
				CLANG_WARN_DOCUMENTATION_COMMENTS = YES;
				CLANG_WARN_EMPTY_BODY = YES;
				CLANG_WARN_ENUM_CONVERSION = YES;
				CLANG_WARN_INFINITE_RECURSION = YES;
				CLANG_WARN_INT_CONVERSION = YES;
				CLANG_WARN_NON_LITERAL_NULL_CONVERSION = YES;
				CLANG_WARN_OBJC_IMPLICIT_RETAIN_SELF = YES;
				CLANG_WARN_OBJC_LITERAL_CONVERSION = YES;
				CLANG_WARN_OBJC_ROOT_CLASS = YES_ERROR;
				CLANG_WARN_RANGE_LOOP_ANALYSIS = YES;
				CLANG_WARN_STRICT_PROTOTYPES = YES;
				CLANG_WARN_SUSPICIOUS_MOVE = YES;
				CLANG_WARN_UNGUARDED_AVAILABILITY = YES_AGGRESSIVE;
				CLANG_WARN_UNREACHABLE_CODE = YES;
				CLANG_WARN__DUPLICATE_METHOD_MATCH = YES;
				COPY_PHASE_STRIP = NO;
				DEBUG_INFORMATION_FORMAT = dwarf;
				ENABLE_STRICT_OBJC_MSGSEND = YES;
				ENABLE_TESTABILITY = YES;
				GCC_C_LANGUAGE_STANDARD = gnu11;
				GCC_DYNAMIC_NO_PIC = NO;
				GCC_NO_COMMON_BLOCKS = YES;
				GCC_OPTIMIZATION_LEVEL = 0;
				GCC_PREPROCESSOR_DEFINITIONS = (
					"DEBUG=1",
					"$(inherited)",
				);
				GCC_WARN_64_TO_32_BIT_CONVERSION = YES;
				GCC_WARN_ABOUT_RETURN_TYPE = YES_ERROR;
				GCC_WARN_UNDECLARED_SELECTOR = YES;
				GCC_WARN_UNINITIALIZED_AUTOS = YES_AGGRESSIVE;
				GCC_WARN_UNUSED_FUNCTION = YES;
				GCC_WARN_UNUSED_VARIABLE = YES;
				IPHONEOS_DEPLOYMENT_TARGET = 13.2;
				MTL_ENABLE_DEBUG_INFO = INCLUDE_SOURCE;
				MTL_FAST_MATH = YES;
				ONLY_ACTIVE_ARCH = YES;
				SDKROOT = iphoneos;
				SWIFT_ACTIVE_COMPILATION_CONDITIONS = DEBUG;
				SWIFT_OPTIMIZATION_LEVEL = "-Onone";
			};
			name = Debug;
		};
		2550A534243FB8840005549F /* Release */ = {
			isa = XCBuildConfiguration;
			buildSettings = {
				ALWAYS_SEARCH_USER_PATHS = NO;
				CLANG_ANALYZER_NONNULL = YES;
				CLANG_ANALYZER_NUMBER_OBJECT_CONVERSION = YES_AGGRESSIVE;
				CLANG_CXX_LANGUAGE_STANDARD = "gnu++14";
				CLANG_CXX_LIBRARY = "libc++";
				CLANG_ENABLE_MODULES = YES;
				CLANG_ENABLE_OBJC_ARC = YES;
				CLANG_ENABLE_OBJC_WEAK = YES;
				CLANG_WARN_BLOCK_CAPTURE_AUTORELEASING = YES;
				CLANG_WARN_BOOL_CONVERSION = YES;
				CLANG_WARN_COMMA = YES;
				CLANG_WARN_CONSTANT_CONVERSION = YES;
				CLANG_WARN_DEPRECATED_OBJC_IMPLEMENTATIONS = YES;
				CLANG_WARN_DIRECT_OBJC_ISA_USAGE = YES_ERROR;
				CLANG_WARN_DOCUMENTATION_COMMENTS = YES;
				CLANG_WARN_EMPTY_BODY = YES;
				CLANG_WARN_ENUM_CONVERSION = YES;
				CLANG_WARN_INFINITE_RECURSION = YES;
				CLANG_WARN_INT_CONVERSION = YES;
				CLANG_WARN_NON_LITERAL_NULL_CONVERSION = YES;
				CLANG_WARN_OBJC_IMPLICIT_RETAIN_SELF = YES;
				CLANG_WARN_OBJC_LITERAL_CONVERSION = YES;
				CLANG_WARN_OBJC_ROOT_CLASS = YES_ERROR;
				CLANG_WARN_RANGE_LOOP_ANALYSIS = YES;
				CLANG_WARN_STRICT_PROTOTYPES = YES;
				CLANG_WARN_SUSPICIOUS_MOVE = YES;
				CLANG_WARN_UNGUARDED_AVAILABILITY = YES_AGGRESSIVE;
				CLANG_WARN_UNREACHABLE_CODE = YES;
				CLANG_WARN__DUPLICATE_METHOD_MATCH = YES;
				COPY_PHASE_STRIP = NO;
				DEBUG_INFORMATION_FORMAT = "dwarf-with-dsym";
				ENABLE_NS_ASSERTIONS = NO;
				ENABLE_STRICT_OBJC_MSGSEND = YES;
				GCC_C_LANGUAGE_STANDARD = gnu11;
				GCC_NO_COMMON_BLOCKS = YES;
				GCC_WARN_64_TO_32_BIT_CONVERSION = YES;
				GCC_WARN_ABOUT_RETURN_TYPE = YES_ERROR;
				GCC_WARN_UNDECLARED_SELECTOR = YES;
				GCC_WARN_UNINITIALIZED_AUTOS = YES_AGGRESSIVE;
				GCC_WARN_UNUSED_FUNCTION = YES;
				GCC_WARN_UNUSED_VARIABLE = YES;
				IPHONEOS_DEPLOYMENT_TARGET = 13.2;
				MTL_ENABLE_DEBUG_INFO = NO;
				MTL_FAST_MATH = YES;
				SDKROOT = iphoneos;
				SWIFT_COMPILATION_MODE = wholemodule;
				SWIFT_OPTIMIZATION_LEVEL = "-O";
				VALIDATE_PRODUCT = YES;
			};
			name = Release;
		};
		2550A536243FB8840005549F /* Debug */ = {
			isa = XCBuildConfiguration;
			baseConfigurationReference = EF33CBD54DF465C0FA64F082 /* Pods-Posts App.debug.xcconfig */;
			buildSettings = {
				ASSETCATALOG_COMPILER_APPICON_NAME = AppIcon;
				CODE_SIGN_STYLE = Automatic;
				INFOPLIST_FILE = "Posts App/Config/Info.plist";
				IPHONEOS_DEPLOYMENT_TARGET = 12.0;
				LD_RUNPATH_SEARCH_PATHS = (
					"$(inherited)",
					"@executable_path/Frameworks",
				);
				PRODUCT_BUNDLE_IDENTIFIER = "mivalme.Posts-App";
				PRODUCT_NAME = "$(TARGET_NAME)";
				SWIFT_VERSION = 5.0;
				TARGETED_DEVICE_FAMILY = "1,2";
			};
			name = Debug;
		};
		2550A537243FB8840005549F /* Release */ = {
			isa = XCBuildConfiguration;
			baseConfigurationReference = FA0A13FE212324A3461E213E /* Pods-Posts App.release.xcconfig */;
			buildSettings = {
				ASSETCATALOG_COMPILER_APPICON_NAME = AppIcon;
				CODE_SIGN_STYLE = Automatic;
				INFOPLIST_FILE = "Posts App/Config/Info.plist";
				IPHONEOS_DEPLOYMENT_TARGET = 12.0;
				LD_RUNPATH_SEARCH_PATHS = (
					"$(inherited)",
					"@executable_path/Frameworks",
				);
				PRODUCT_BUNDLE_IDENTIFIER = "mivalme.Posts-App";
				PRODUCT_NAME = "$(TARGET_NAME)";
				SWIFT_VERSION = 5.0;
				TARGETED_DEVICE_FAMILY = "1,2";
			};
			name = Release;
		};
		2550A539243FB8840005549F /* Debug */ = {
			isa = XCBuildConfiguration;
			baseConfigurationReference = 1F644D5E2884B1851EDC7B55 /* Pods-Posts AppTests.debug.xcconfig */;
			buildSettings = {
				ALWAYS_EMBED_SWIFT_STANDARD_LIBRARIES = YES;
				BUNDLE_LOADER = "$(TEST_HOST)";
				CODE_SIGN_STYLE = Automatic;
				INFOPLIST_FILE = "Posts AppTests/Info.plist";
				IPHONEOS_DEPLOYMENT_TARGET = 13.2;
				LD_RUNPATH_SEARCH_PATHS = (
					"$(inherited)",
					"@executable_path/Frameworks",
					"@loader_path/Frameworks",
				);
				PRODUCT_BUNDLE_IDENTIFIER = "mivalme.Posts-AppTests";
				PRODUCT_NAME = "$(TARGET_NAME)";
				SWIFT_VERSION = 5.0;
				TARGETED_DEVICE_FAMILY = "1,2";
				TEST_HOST = "$(BUILT_PRODUCTS_DIR)/Posts App.app/Posts App";
			};
			name = Debug;
		};
		2550A53A243FB8840005549F /* Release */ = {
			isa = XCBuildConfiguration;
			baseConfigurationReference = 2C1CAF1FE39BBD94A5BFB7B2 /* Pods-Posts AppTests.release.xcconfig */;
			buildSettings = {
				ALWAYS_EMBED_SWIFT_STANDARD_LIBRARIES = YES;
				BUNDLE_LOADER = "$(TEST_HOST)";
				CODE_SIGN_STYLE = Automatic;
				INFOPLIST_FILE = "Posts AppTests/Info.plist";
				IPHONEOS_DEPLOYMENT_TARGET = 13.2;
				LD_RUNPATH_SEARCH_PATHS = (
					"$(inherited)",
					"@executable_path/Frameworks",
					"@loader_path/Frameworks",
				);
				PRODUCT_BUNDLE_IDENTIFIER = "mivalme.Posts-AppTests";
				PRODUCT_NAME = "$(TARGET_NAME)";
				SWIFT_VERSION = 5.0;
				TARGETED_DEVICE_FAMILY = "1,2";
				TEST_HOST = "$(BUILT_PRODUCTS_DIR)/Posts App.app/Posts App";
			};
			name = Release;
		};
/* End XCBuildConfiguration section */

/* Begin XCConfigurationList section */
		2550A50E243FB8820005549F /* Build configuration list for PBXProject "Posts App" */ = {
			isa = XCConfigurationList;
			buildConfigurations = (
				2550A533243FB8840005549F /* Debug */,
				2550A534243FB8840005549F /* Release */,
			);
			defaultConfigurationIsVisible = 0;
			defaultConfigurationName = Release;
		};
		2550A535243FB8840005549F /* Build configuration list for PBXNativeTarget "Posts App" */ = {
			isa = XCConfigurationList;
			buildConfigurations = (
				2550A536243FB8840005549F /* Debug */,
				2550A537243FB8840005549F /* Release */,
			);
			defaultConfigurationIsVisible = 0;
			defaultConfigurationName = Release;
		};
		2550A538243FB8840005549F /* Build configuration list for PBXNativeTarget "Posts AppTests" */ = {
			isa = XCConfigurationList;
			buildConfigurations = (
				2550A539243FB8840005549F /* Debug */,
				2550A53A243FB8840005549F /* Release */,
			);
			defaultConfigurationIsVisible = 0;
			defaultConfigurationName = Release;
		};
/* End XCConfigurationList section */

/* Begin XCVersionGroup section */
		2550A51F243FB8820005549F /* Posts_App.xcdatamodeld */ = {
			isa = XCVersionGroup;
			children = (
				2550A520243FB8820005549F /* Posts_App.xcdatamodel */,
			);
			currentVersion = 2550A520243FB8820005549F /* Posts_App.xcdatamodel */;
			path = Posts_App.xcdatamodeld;
			sourceTree = "<group>";
			versionGroupType = wrapper.xcdatamodel;
		};
/* End XCVersionGroup section */
	};
	rootObject = 2550A50B243FB8820005549F /* Project object */;
}
